// !$*UTF8*$!
{
	archiveVersion = 1;
	classes = {
	};
	objectVersion = 46;
	objects = {

/* Begin PBXBuildFile section */
		E81CD6301B225BD9008002A9 /* MovieHeaderBox.swift in Sources */ = {isa = PBXBuildFile; fileRef = E81CD62F1B225BD9008002A9 /* MovieHeaderBox.swift */; };
		E81CD6321B234559008002A9 /* TrackReferenceBox.swift in Sources */ = {isa = PBXBuildFile; fileRef = E81CD6311B234559008002A9 /* TrackReferenceBox.swift */; };
		E81CD6361B234811008002A9 /* TrackGroupBox.swift in Sources */ = {isa = PBXBuildFile; fileRef = E81CD6351B234811008002A9 /* TrackGroupBox.swift */; };
		E81CD6381B234958008002A9 /* MediaBox.swift in Sources */ = {isa = PBXBuildFile; fileRef = E81CD6371B234958008002A9 /* MediaBox.swift */; };
		E81CD63A1B234987008002A9 /* MediaHeaderBox.swift in Sources */ = {isa = PBXBuildFile; fileRef = E81CD6391B234987008002A9 /* MediaHeaderBox.swift */; };
		E81CD63C1B234AAF008002A9 /* HandlerReferenceBox.swift in Sources */ = {isa = PBXBuildFile; fileRef = E81CD63B1B234AAF008002A9 /* HandlerReferenceBox.swift */; };
		E81CD63E1B23795E008002A9 /* MovieBox.swift in Sources */ = {isa = PBXBuildFile; fileRef = E81CD63D1B23795E008002A9 /* MovieBox.swift */; };
		E81CD6401B2379E9008002A9 /* TrackBox.swift in Sources */ = {isa = PBXBuildFile; fileRef = E81CD63F1B2379E9008002A9 /* TrackBox.swift */; };
		E81CD6421B237B9F008002A9 /* MediaInformationBox.swift in Sources */ = {isa = PBXBuildFile; fileRef = E81CD6411B237B9F008002A9 /* MediaInformationBox.swift */; };
		E82944F01B237C8B004B5E2B /* VideoMediaHeaderBox.swift in Sources */ = {isa = PBXBuildFile; fileRef = E82944EF1B237C8B004B5E2B /* VideoMediaHeaderBox.swift */; };
		E82944F21B237DA4004B5E2B /* SoundMediaHeaderBox.swift in Sources */ = {isa = PBXBuildFile; fileRef = E82944F11B237DA4004B5E2B /* SoundMediaHeaderBox.swift */; };
		E86E606F1B22379200974F38 /* SwiftMP4.h in Headers */ = {isa = PBXBuildFile; fileRef = E86E606E1B22379200974F38 /* SwiftMP4.h */; settings = {ATTRIBUTES = (Public, ); }; };
		E86E60871B2237F400974F38 /* MP4.swift in Sources */ = {isa = PBXBuildFile; fileRef = E86E60831B2237F400974F38 /* MP4.swift */; };
		E86E60881B2237F400974F38 /* MP4Box.swift in Sources */ = {isa = PBXBuildFile; fileRef = E86E60841B2237F400974F38 /* MP4Box.swift */; };
		E86E60891B2237F400974F38 /* MP4Parse.swift in Sources */ = {isa = PBXBuildFile; fileRef = E86E60851B2237F400974F38 /* MP4Parse.swift */; };
		E86E608A1B2237F400974F38 /* Synel.swift in Sources */ = {isa = PBXBuildFile; fileRef = E86E60861B2237F400974F38 /* Synel.swift */; };
		E86E60B41B223B8000974F38 /* SwiftAVC.h in Headers */ = {isa = PBXBuildFile; fileRef = E86E60B31B223B8000974F38 /* SwiftAVC.h */; settings = {ATTRIBUTES = (Public, ); }; };
		E86E60CA1B223C4800974F38 /* Monad.swift in Sources */ = {isa = PBXBuildFile; fileRef = E86E60C91B223C4800974F38 /* Monad.swift */; };
		E86E60CB1B223C4800974F38 /* Monad.swift in Sources */ = {isa = PBXBuildFile; fileRef = E86E60C91B223C4800974F38 /* Monad.swift */; };
		E86E60E51B22458C00974F38 /* AppDelegate.swift in Sources */ = {isa = PBXBuildFile; fileRef = E86E60E41B22458C00974F38 /* AppDelegate.swift */; };
		E86E60E71B22458C00974F38 /* Images.xcassets in Resources */ = {isa = PBXBuildFile; fileRef = E86E60E61B22458C00974F38 /* Images.xcassets */; };
		E86E60EA1B22458C00974F38 /* MainMenu.xib in Resources */ = {isa = PBXBuildFile; fileRef = E86E60E81B22458C00974F38 /* MainMenu.xib */; };
		E86E60FF1B2245F500974F38 /* SwiftMP4.framework in Frameworks */ = {isa = PBXBuildFile; fileRef = E86E606A1B22379200974F38 /* SwiftMP4.framework */; };
		E86E61011B22460600974F38 /* SwiftMP4.framework in CopyFiles */ = {isa = PBXBuildFile; fileRef = E86E606A1B22379200974F38 /* SwiftMP4.framework */; settings = {ATTRIBUTES = (CodeSignOnCopy, RemoveHeadersOnCopy, ); }; };
		E86E61041B2253C200974F38 /* TrackHeaderBox.swift in Sources */ = {isa = PBXBuildFile; fileRef = E86E61031B2253C200974F38 /* TrackHeaderBox.swift */; };
		E86E61061B2254AF00974F38 /* FileTypeBox.swift in Sources */ = {isa = PBXBuildFile; fileRef = E86E61051B2254AF00974F38 /* FileTypeBox.swift */; };
		E86E61081B2256AD00974F38 /* FullBox.swift in Sources */ = {isa = PBXBuildFile; fileRef = E86E61071B2256AD00974F38 /* FullBox.swift */; };
		E86E610A1B22584E00974F38 /* Box.swift in Sources */ = {isa = PBXBuildFile; fileRef = E86E61091B22584E00974F38 /* Box.swift */; };
		E8FC4DE21B237FEF00C8AAA4 /* HintMediaHeaderBox.swift in Sources */ = {isa = PBXBuildFile; fileRef = E8FC4DE11B237FEF00C8AAA4 /* HintMediaHeaderBox.swift */; };
		E8FC4DE41B2380C500C8AAA4 /* NullMediaHeaderBox.swift in Sources */ = {isa = PBXBuildFile; fileRef = E8FC4DE31B2380C500C8AAA4 /* NullMediaHeaderBox.swift */; };
		E8FC4DE61B2383A100C8AAA4 /* MediaDataBox.swift in Sources */ = {isa = PBXBuildFile; fileRef = E8FC4DE51B2383A100C8AAA4 /* MediaDataBox.swift */; };
		E8FC4DE81B23938100C8AAA4 /* EditBox.swift in Sources */ = {isa = PBXBuildFile; fileRef = E8FC4DE71B23938100C8AAA4 /* EditBox.swift */; };
		E8FC4DEA1B2393B200C8AAA4 /* EditListBox.swift in Sources */ = {isa = PBXBuildFile; fileRef = E8FC4DE91B2393B200C8AAA4 /* EditListBox.swift */; };
		E8FC4DEC1B239EB100C8AAA4 /* SampleTableBox.swift in Sources */ = {isa = PBXBuildFile; fileRef = E8FC4DEB1B239EB100C8AAA4 /* SampleTableBox.swift */; };
		E8FC4DEE1B23A8FE00C8AAA4 /* SampleSizeBox.swift in Sources */ = {isa = PBXBuildFile; fileRef = E8FC4DED1B23A8FE00C8AAA4 /* SampleSizeBox.swift */; };
		E8FC4DF01B23AAD700C8AAA4 /* ChunkOffsetBox.swift in Sources */ = {isa = PBXBuildFile; fileRef = E8FC4DEF1B23AAD700C8AAA4 /* ChunkOffsetBox.swift */; };
		E8FC4DF21B24C8A900C8AAA4 /* SynelDictionary.swift in Sources */ = {isa = PBXBuildFile; fileRef = E8FC4DF11B24C8A900C8AAA4 /* SynelDictionary.swift */; };
		E8FC4DF51B28EFC000C8AAA4 /* SampleEntry.swift in Sources */ = {isa = PBXBuildFile; fileRef = E8FC4DF41B28EFC000C8AAA4 /* SampleEntry.swift */; };
		E8FC4DF71B28F07D00C8AAA4 /* VisualSampleEntry.swift in Sources */ = {isa = PBXBuildFile; fileRef = E8FC4DF61B28F07D00C8AAA4 /* VisualSampleEntry.swift */; };
		E8FC4DF91B28F2DF00C8AAA4 /* AVCSampleEntry.swift in Sources */ = {isa = PBXBuildFile; fileRef = E8FC4DF81B28F2DF00C8AAA4 /* AVCSampleEntry.swift */; };
		E8FC4DFB1B28F37300C8AAA4 /* AVCConfigurationBox.swift in Sources */ = {isa = PBXBuildFile; fileRef = E8FC4DFA1B28F37300C8AAA4 /* AVCConfigurationBox.swift */; };
		E8FC4DFD1B28F40000C8AAA4 /* AVCDecoderConfigurationRecord.swift in Sources */ = {isa = PBXBuildFile; fileRef = E8FC4DFC1B28F40000C8AAA4 /* AVCDecoderConfigurationRecord.swift */; };
		E8FC4DFF1B2A328B00C8AAA4 /* SampleDescriptionBox.swift in Sources */ = {isa = PBXBuildFile; fileRef = E8FC4DFE1B2A328B00C8AAA4 /* SampleDescriptionBox.swift */; };
/* End PBXBuildFile section */

/* Begin PBXContainerItemProxy section */
		E86E60FD1B2245F100974F38 /* PBXContainerItemProxy */ = {
			isa = PBXContainerItemProxy;
			containerPortal = E819BC3B1AFAA94C006B79E5 /* Project object */;
			proxyType = 1;
			remoteGlobalIDString = E86E60691B22379200974F38;
			remoteInfo = SwiftMP4;
		};
/* End PBXContainerItemProxy section */

/* Begin PBXCopyFilesBuildPhase section */
		E86E61001B2245FC00974F38 /* CopyFiles */ = {
			isa = PBXCopyFilesBuildPhase;
			buildActionMask = 2147483647;
			dstPath = "";
			dstSubfolderSpec = 10;
			files = (
				E86E61011B22460600974F38 /* SwiftMP4.framework in CopyFiles */,
			);
			runOnlyForDeploymentPostprocessing = 0;
		};
/* End PBXCopyFilesBuildPhase section */

/* Begin PBXFileReference section */
		E80E639B1B16586800AF960C /* VUI.swift */ = {isa = PBXFileReference; fileEncoding = 4; lastKnownFileType = sourcecode.swift; path = VUI.swift; sourceTree = "<group>"; };
		E80E639D1B1664A900AF960C /* HRD.swift */ = {isa = PBXFileReference; fileEncoding = 4; lastKnownFileType = sourcecode.swift; path = HRD.swift; sourceTree = "<group>"; };
		E81CA22B1B2D771C00EBC509 /* ByteStream.swift */ = {isa = PBXFileReference; fileEncoding = 4; lastKnownFileType = sourcecode.swift; path = ByteStream.swift; sourceTree = "<group>"; };
		E81CBD401B053C8000EFD26B /* NAL.swift */ = {isa = PBXFileReference; lastKnownFileType = sourcecode.swift; path = NAL.swift; sourceTree = "<group>"; };
		E81CBD411B053C8000EFD26B /* SVCExtensions.swift */ = {isa = PBXFileReference; lastKnownFileType = sourcecode.swift; path = SVCExtensions.swift; sourceTree = "<group>"; };
		E81CBD421B053C9200EFD26B /* MVCExtensions.swift */ = {isa = PBXFileReference; fileEncoding = 4; lastKnownFileType = sourcecode.swift; path = MVCExtensions.swift; sourceTree = "<group>"; };
		E81CBD441B053DC900EFD26B /* H264Context.swift */ = {isa = PBXFileReference; fileEncoding = 4; lastKnownFileType = sourcecode.swift; path = H264Context.swift; sourceTree = "<group>"; };
		E81CD62F1B225BD9008002A9 /* MovieHeaderBox.swift */ = {isa = PBXFileReference; fileEncoding = 4; lastKnownFileType = sourcecode.swift; path = MovieHeaderBox.swift; sourceTree = "<group>"; };
		E81CD6311B234559008002A9 /* TrackReferenceBox.swift */ = {isa = PBXFileReference; fileEncoding = 4; lastKnownFileType = sourcecode.swift; path = TrackReferenceBox.swift; sourceTree = "<group>"; };
		E81CD6351B234811008002A9 /* TrackGroupBox.swift */ = {isa = PBXFileReference; fileEncoding = 4; lastKnownFileType = sourcecode.swift; path = TrackGroupBox.swift; sourceTree = "<group>"; };
		E81CD6371B234958008002A9 /* MediaBox.swift */ = {isa = PBXFileReference; fileEncoding = 4; lastKnownFileType = sourcecode.swift; path = MediaBox.swift; sourceTree = "<group>"; };
		E81CD6391B234987008002A9 /* MediaHeaderBox.swift */ = {isa = PBXFileReference; fileEncoding = 4; lastKnownFileType = sourcecode.swift; path = MediaHeaderBox.swift; sourceTree = "<group>"; };
		E81CD63B1B234AAF008002A9 /* HandlerReferenceBox.swift */ = {isa = PBXFileReference; fileEncoding = 4; lastKnownFileType = sourcecode.swift; path = HandlerReferenceBox.swift; sourceTree = "<group>"; };
		E81CD63D1B23795E008002A9 /* MovieBox.swift */ = {isa = PBXFileReference; fileEncoding = 4; lastKnownFileType = sourcecode.swift; path = MovieBox.swift; sourceTree = "<group>"; };
		E81CD63F1B2379E9008002A9 /* TrackBox.swift */ = {isa = PBXFileReference; fileEncoding = 4; lastKnownFileType = sourcecode.swift; path = TrackBox.swift; sourceTree = "<group>"; };
		E81CD6411B237B9F008002A9 /* MediaInformationBox.swift */ = {isa = PBXFileReference; fileEncoding = 4; lastKnownFileType = sourcecode.swift; path = MediaInformationBox.swift; sourceTree = "<group>"; };
		E81E0FD41B10C1DB000079CA /* SPS.swift */ = {isa = PBXFileReference; fileEncoding = 4; lastKnownFileType = sourcecode.swift; path = SPS.swift; sourceTree = "<group>"; };
		E81E0FD61B10C271000079CA /* H264Parse.swift */ = {isa = PBXFileReference; fileEncoding = 4; lastKnownFileType = sourcecode.swift; path = H264Parse.swift; sourceTree = "<group>"; };
		E81E0FD81B10C3FD000079CA /* BitParse.swift */ = {isa = PBXFileReference; fileEncoding = 4; lastKnownFileType = sourcecode.swift; path = BitParse.swift; sourceTree = "<group>"; };
		E81E0FD91B10C3FD000079CA /* Bitstream.swift */ = {isa = PBXFileReference; fileEncoding = 4; lastKnownFileType = sourcecode.swift; path = Bitstream.swift; sourceTree = "<group>"; };
		E81E0FDA1B10C3FD000079CA /* SDParse.swift */ = {isa = PBXFileReference; fileEncoding = 4; lastKnownFileType = sourcecode.swift; path = SDParse.swift; sourceTree = "<group>"; };
		E81E0FDB1B10C3FD000079CA /* SynelDictionary.swift */ = {isa = PBXFileReference; fileEncoding = 4; lastKnownFileType = sourcecode.swift; path = SynelDictionary.swift; sourceTree = "<group>"; };
		E81E0FDC1B10C3FD000079CA /* SyntaxElement.swift */ = {isa = PBXFileReference; fileEncoding = 4; lastKnownFileType = sourcecode.swift; path = SyntaxElement.swift; sourceTree = "<group>"; };
		E81E0FDD1B10C3FD000079CA /* Utils.swift */ = {isa = PBXFileReference; fileEncoding = 4; lastKnownFileType = sourcecode.swift; path = Utils.swift; sourceTree = "<group>"; };
		E82944EF1B237C8B004B5E2B /* VideoMediaHeaderBox.swift */ = {isa = PBXFileReference; fileEncoding = 4; lastKnownFileType = sourcecode.swift; path = VideoMediaHeaderBox.swift; sourceTree = "<group>"; };
		E82944F11B237DA4004B5E2B /* SoundMediaHeaderBox.swift */ = {isa = PBXFileReference; fileEncoding = 4; lastKnownFileType = sourcecode.swift; path = SoundMediaHeaderBox.swift; sourceTree = "<group>"; };
		E861558C1B11F76E006F56D1 /* RBSP.swift */ = {isa = PBXFileReference; fileEncoding = 4; lastKnownFileType = sourcecode.swift; path = RBSP.swift; sourceTree = "<group>"; };
		E861558E1B11FA4A006F56D1 /* ScalingList.swift */ = {isa = PBXFileReference; fileEncoding = 4; lastKnownFileType = sourcecode.swift; path = ScalingList.swift; sourceTree = "<group>"; };
		E86E606A1B22379200974F38 /* SwiftMP4.framework */ = {isa = PBXFileReference; explicitFileType = wrapper.framework; includeInIndex = 0; path = SwiftMP4.framework; sourceTree = BUILT_PRODUCTS_DIR; };
		E86E606D1B22379200974F38 /* Info.plist */ = {isa = PBXFileReference; lastKnownFileType = text.plist.xml; path = Info.plist; sourceTree = "<group>"; };
		E86E606E1B22379200974F38 /* SwiftMP4.h */ = {isa = PBXFileReference; lastKnownFileType = sourcecode.c.h; path = SwiftMP4.h; sourceTree = "<group>"; };
		E86E60831B2237F400974F38 /* MP4.swift */ = {isa = PBXFileReference; fileEncoding = 4; lastKnownFileType = sourcecode.swift; path = MP4.swift; sourceTree = "<group>"; };
		E86E60841B2237F400974F38 /* MP4Box.swift */ = {isa = PBXFileReference; fileEncoding = 4; lastKnownFileType = sourcecode.swift; path = MP4Box.swift; sourceTree = "<group>"; };
		E86E60851B2237F400974F38 /* MP4Parse.swift */ = {isa = PBXFileReference; fileEncoding = 4; lastKnownFileType = sourcecode.swift; path = MP4Parse.swift; sourceTree = "<group>"; };
		E86E60861B2237F400974F38 /* Synel.swift */ = {isa = PBXFileReference; fileEncoding = 4; lastKnownFileType = sourcecode.swift; path = Synel.swift; sourceTree = "<group>"; };
		E86E60AF1B223B8000974F38 /* SwiftAVC.framework */ = {isa = PBXFileReference; explicitFileType = wrapper.framework; includeInIndex = 0; path = SwiftAVC.framework; sourceTree = BUILT_PRODUCTS_DIR; };
		E86E60B21B223B8000974F38 /* Info.plist */ = {isa = PBXFileReference; lastKnownFileType = text.plist; name = Info.plist; path = SwiftAVC/Info.plist; sourceTree = "<group>"; };
		E86E60B31B223B8000974F38 /* SwiftAVC.h */ = {isa = PBXFileReference; lastKnownFileType = sourcecode.c.h; path = SwiftAVC.h; sourceTree = "<group>"; };
		E86E60C91B223C4800974F38 /* Monad.swift */ = {isa = PBXFileReference; fileEncoding = 4; lastKnownFileType = sourcecode.swift; path = Monad.swift; sourceTree = "<group>"; };
		E86E60E01B22458C00974F38 /* SwiftDecoder.app */ = {isa = PBXFileReference; explicitFileType = wrapper.application; includeInIndex = 0; path = SwiftDecoder.app; sourceTree = BUILT_PRODUCTS_DIR; };
		E86E60E31B22458C00974F38 /* Info.plist */ = {isa = PBXFileReference; lastKnownFileType = text.plist.xml; path = Info.plist; sourceTree = "<group>"; };
		E86E60E41B22458C00974F38 /* AppDelegate.swift */ = {isa = PBXFileReference; lastKnownFileType = sourcecode.swift; path = AppDelegate.swift; sourceTree = "<group>"; };
		E86E60E61B22458C00974F38 /* Images.xcassets */ = {isa = PBXFileReference; lastKnownFileType = folder.assetcatalog; path = Images.xcassets; sourceTree = "<group>"; };
		E86E60E91B22458C00974F38 /* Base */ = {isa = PBXFileReference; lastKnownFileType = file.xib; name = Base; path = Base.lproj/MainMenu.xib; sourceTree = "<group>"; };
		E86E61031B2253C200974F38 /* TrackHeaderBox.swift */ = {isa = PBXFileReference; fileEncoding = 4; lastKnownFileType = sourcecode.swift; path = TrackHeaderBox.swift; sourceTree = "<group>"; };
		E86E61051B2254AF00974F38 /* FileTypeBox.swift */ = {isa = PBXFileReference; fileEncoding = 4; lastKnownFileType = sourcecode.swift; path = FileTypeBox.swift; sourceTree = "<group>"; };
		E86E61071B2256AD00974F38 /* FullBox.swift */ = {isa = PBXFileReference; fileEncoding = 4; lastKnownFileType = sourcecode.swift; path = FullBox.swift; sourceTree = "<group>"; };
		E86E61091B22584E00974F38 /* Box.swift */ = {isa = PBXFileReference; fileEncoding = 4; lastKnownFileType = sourcecode.swift; path = Box.swift; sourceTree = "<group>"; };
		E8FC4DE11B237FEF00C8AAA4 /* HintMediaHeaderBox.swift */ = {isa = PBXFileReference; fileEncoding = 4; lastKnownFileType = sourcecode.swift; path = HintMediaHeaderBox.swift; sourceTree = "<group>"; };
		E8FC4DE31B2380C500C8AAA4 /* NullMediaHeaderBox.swift */ = {isa = PBXFileReference; fileEncoding = 4; lastKnownFileType = sourcecode.swift; path = NullMediaHeaderBox.swift; sourceTree = "<group>"; };
		E8FC4DE51B2383A100C8AAA4 /* MediaDataBox.swift */ = {isa = PBXFileReference; fileEncoding = 4; lastKnownFileType = sourcecode.swift; path = MediaDataBox.swift; sourceTree = "<group>"; };
		E8FC4DE71B23938100C8AAA4 /* EditBox.swift */ = {isa = PBXFileReference; fileEncoding = 4; lastKnownFileType = sourcecode.swift; path = EditBox.swift; sourceTree = "<group>"; };
		E8FC4DE91B2393B200C8AAA4 /* EditListBox.swift */ = {isa = PBXFileReference; fileEncoding = 4; lastKnownFileType = sourcecode.swift; path = EditListBox.swift; sourceTree = "<group>"; };
		E8FC4DEB1B239EB100C8AAA4 /* SampleTableBox.swift */ = {isa = PBXFileReference; fileEncoding = 4; lastKnownFileType = sourcecode.swift; path = SampleTableBox.swift; sourceTree = "<group>"; };
		E8FC4DED1B23A8FE00C8AAA4 /* SampleSizeBox.swift */ = {isa = PBXFileReference; fileEncoding = 4; lastKnownFileType = sourcecode.swift; path = SampleSizeBox.swift; sourceTree = "<group>"; };
		E8FC4DEF1B23AAD700C8AAA4 /* ChunkOffsetBox.swift */ = {isa = PBXFileReference; fileEncoding = 4; lastKnownFileType = sourcecode.swift; path = ChunkOffsetBox.swift; sourceTree = "<group>"; };
		E8FC4DF11B24C8A900C8AAA4 /* SynelDictionary.swift */ = {isa = PBXFileReference; fileEncoding = 4; lastKnownFileType = sourcecode.swift; path = SynelDictionary.swift; sourceTree = "<group>"; };
		E8FC4DF41B28EFC000C8AAA4 /* SampleEntry.swift */ = {isa = PBXFileReference; fileEncoding = 4; lastKnownFileType = sourcecode.swift; path = SampleEntry.swift; sourceTree = "<group>"; };
		E8FC4DF61B28F07D00C8AAA4 /* VisualSampleEntry.swift */ = {isa = PBXFileReference; fileEncoding = 4; lastKnownFileType = sourcecode.swift; path = VisualSampleEntry.swift; sourceTree = "<group>"; };
		E8FC4DF81B28F2DF00C8AAA4 /* AVCSampleEntry.swift */ = {isa = PBXFileReference; fileEncoding = 4; lastKnownFileType = sourcecode.swift; path = AVCSampleEntry.swift; sourceTree = "<group>"; };
		E8FC4DFA1B28F37300C8AAA4 /* AVCConfigurationBox.swift */ = {isa = PBXFileReference; fileEncoding = 4; lastKnownFileType = sourcecode.swift; path = AVCConfigurationBox.swift; sourceTree = "<group>"; };
		E8FC4DFC1B28F40000C8AAA4 /* AVCDecoderConfigurationRecord.swift */ = {isa = PBXFileReference; fileEncoding = 4; lastKnownFileType = sourcecode.swift; path = AVCDecoderConfigurationRecord.swift; sourceTree = "<group>"; };
		E8FC4DFE1B2A328B00C8AAA4 /* SampleDescriptionBox.swift */ = {isa = PBXFileReference; fileEncoding = 4; lastKnownFileType = sourcecode.swift; path = SampleDescriptionBox.swift; sourceTree = "<group>"; };
/* End PBXFileReference section */

/* Begin PBXFrameworksBuildPhase section */
		E86E60661B22379200974F38 /* Frameworks */ = {
			isa = PBXFrameworksBuildPhase;
			buildActionMask = 2147483647;
			files = (
			);
			runOnlyForDeploymentPostprocessing = 0;
		};
		E86E60AB1B223B8000974F38 /* Frameworks */ = {
			isa = PBXFrameworksBuildPhase;
			buildActionMask = 2147483647;
			files = (
			);
			runOnlyForDeploymentPostprocessing = 0;
		};
		E86E60DD1B22458C00974F38 /* Frameworks */ = {
			isa = PBXFrameworksBuildPhase;
			buildActionMask = 2147483647;
			files = (
				E86E60FF1B2245F500974F38 /* SwiftMP4.framework in Frameworks */,
			);
			runOnlyForDeploymentPostprocessing = 0;
		};
/* End PBXFrameworksBuildPhase section */

/* Begin PBXGroup section */
		E819BC3A1AFAA94C006B79E5 = {
			isa = PBXGroup;
			children = (
				E86E60C81B223C4800974F38 /* Common */,
				E819BC451AFAA94D006B79E5 /* SwiftAVC */,
				E86E606B1B22379200974F38 /* SwiftMP4 */,
				E86E60E11B22458C00974F38 /* SwiftDecoder */,
				E819BC441AFAA94D006B79E5 /* Products */,
			);
			sourceTree = "<group>";
		};
		E819BC441AFAA94D006B79E5 /* Products */ = {
			isa = PBXGroup;
			children = (
				E86E606A1B22379200974F38 /* SwiftMP4.framework */,
				E86E60AF1B223B8000974F38 /* SwiftAVC.framework */,
				E86E60E01B22458C00974F38 /* SwiftDecoder.app */,
			);
			name = Products;
			sourceTree = "<group>";
		};
		E819BC451AFAA94D006B79E5 /* SwiftAVC */ = {
			isa = PBXGroup;
			children = (
				E81CBD3E1B053BCB00EFD26B /* Parsing */,
				E86E60B11B223B8000974F38 /* Supporting Files */,
				E81CBD441B053DC900EFD26B /* H264Context.swift */,
				E86E60B31B223B8000974F38 /* SwiftAVC.h */,
			);
			path = SwiftAVC;
			sourceTree = "<group>";
		};
		E81CA22A1B2D771C00EBC509 /* Transport */ = {
			isa = PBXGroup;
			children = (
				E81CA22B1B2D771C00EBC509 /* ByteStream.swift */,
			);
			path = Transport;
			sourceTree = "<group>";
		};
		E81CBD3E1B053BCB00EFD26B /* Parsing */ = {
			isa = PBXGroup;
			children = (
				E81CA22A1B2D771C00EBC509 /* Transport */,
				E81CBD3F1B053C8000EFD26B /* NAL */,
				E81E0FD31B10C1CE000079CA /* RBSP */,
				E81E0FD81B10C3FD000079CA /* BitParse.swift */,
				E81E0FD91B10C3FD000079CA /* Bitstream.swift */,
				E81E0FDA1B10C3FD000079CA /* SDParse.swift */,
				E81E0FDB1B10C3FD000079CA /* SynelDictionary.swift */,
				E81E0FDC1B10C3FD000079CA /* SyntaxElement.swift */,
				E81E0FDD1B10C3FD000079CA /* Utils.swift */,
			);
			path = Parsing;
			sourceTree = "<group>";
		};
		E81CBD3F1B053C8000EFD26B /* NAL */ = {
			isa = PBXGroup;
			children = (
				E81CBD421B053C9200EFD26B /* MVCExtensions.swift */,
				E81CBD401B053C8000EFD26B /* NAL.swift */,
				E81CBD411B053C8000EFD26B /* SVCExtensions.swift */,
			);
			path = NAL;
			sourceTree = "<group>";
		};
		E81E0FD31B10C1CE000079CA /* RBSP */ = {
			isa = PBXGroup;
			children = (
				E81E0FD61B10C271000079CA /* H264Parse.swift */,
				E80E639D1B1664A900AF960C /* HRD.swift */,
				E861558C1B11F76E006F56D1 /* RBSP.swift */,
				E81E0FD41B10C1DB000079CA /* SPS.swift */,
				E861558E1B11FA4A006F56D1 /* ScalingList.swift */,
				E80E639B1B16586800AF960C /* VUI.swift */,
			);
			path = RBSP;
			sourceTree = "<group>";
		};
		E86E606B1B22379200974F38 /* SwiftMP4 */ = {
			isa = PBXGroup;
			children = (
				E86E61021B2253B400974F38 /* Boxes */,
				E86E60831B2237F400974F38 /* MP4.swift */,
				E86E60841B2237F400974F38 /* MP4Box.swift */,
				E86E60851B2237F400974F38 /* MP4Parse.swift */,
				E86E60861B2237F400974F38 /* Synel.swift */,
				E8FC4DF11B24C8A900C8AAA4 /* SynelDictionary.swift */,
				E86E606E1B22379200974F38 /* SwiftMP4.h */,
				E86E606C1B22379200974F38 /* Supporting Files */,
			);
			path = SwiftMP4;
			sourceTree = "<group>";
		};
		E86E606C1B22379200974F38 /* Supporting Files */ = {
			isa = PBXGroup;
			children = (
				E86E606D1B22379200974F38 /* Info.plist */,
			);
			name = "Supporting Files";
			sourceTree = "<group>";
		};
		E86E60B11B223B8000974F38 /* Supporting Files */ = {
			isa = PBXGroup;
			children = (
				E86E60B21B223B8000974F38 /* Info.plist */,
			);
			name = "Supporting Files";
			sourceTree = "<group>";
		};
		E86E60C81B223C4800974F38 /* Common */ = {
			isa = PBXGroup;
			children = (
				E86E60C91B223C4800974F38 /* Monad.swift */,
			);
			path = Common;
			sourceTree = "<group>";
		};
		E86E60E11B22458C00974F38 /* SwiftDecoder */ = {
			isa = PBXGroup;
			children = (
				E86E60E41B22458C00974F38 /* AppDelegate.swift */,
				E86E60E61B22458C00974F38 /* Images.xcassets */,
				E86E60E81B22458C00974F38 /* MainMenu.xib */,
				E86E60E21B22458C00974F38 /* Supporting Files */,
			);
			path = SwiftDecoder;
			sourceTree = "<group>";
		};
		E86E60E21B22458C00974F38 /* Supporting Files */ = {
			isa = PBXGroup;
			children = (
				E86E60E31B22458C00974F38 /* Info.plist */,
			);
			name = "Supporting Files";
			sourceTree = "<group>";
		};
		E86E61021B2253B400974F38 /* Boxes */ = {
			isa = PBXGroup;
			children = (
				E8FC4DF31B28EF2900C8AAA4 /* AVC */,
				E86E61091B22584E00974F38 /* Box.swift */,
				E8FC4DEF1B23AAD700C8AAA4 /* ChunkOffsetBox.swift */,
				E8FC4DE71B23938100C8AAA4 /* EditBox.swift */,
				E8FC4DE91B2393B200C8AAA4 /* EditListBox.swift */,
				E86E61051B2254AF00974F38 /* FileTypeBox.swift */,
				E86E61071B2256AD00974F38 /* FullBox.swift */,
				E81CD63B1B234AAF008002A9 /* HandlerReferenceBox.swift */,
				E8FC4DE11B237FEF00C8AAA4 /* HintMediaHeaderBox.swift */,
				E81CD6371B234958008002A9 /* MediaBox.swift */,
				E8FC4DE51B2383A100C8AAA4 /* MediaDataBox.swift */,
				E81CD6391B234987008002A9 /* MediaHeaderBox.swift */,
				E81CD6411B237B9F008002A9 /* MediaInformationBox.swift */,
				E81CD63D1B23795E008002A9 /* MovieBox.swift */,
				E81CD62F1B225BD9008002A9 /* MovieHeaderBox.swift */,
				E8FC4DE31B2380C500C8AAA4 /* NullMediaHeaderBox.swift */,
				E8FC4DFE1B2A328B00C8AAA4 /* SampleDescriptionBox.swift */,
				E8FC4DF41B28EFC000C8AAA4 /* SampleEntry.swift */,
				E8FC4DED1B23A8FE00C8AAA4 /* SampleSizeBox.swift */,
				E8FC4DEB1B239EB100C8AAA4 /* SampleTableBox.swift */,
				E82944F11B237DA4004B5E2B /* SoundMediaHeaderBox.swift */,
				E81CD63F1B2379E9008002A9 /* TrackBox.swift */,
				E81CD6351B234811008002A9 /* TrackGroupBox.swift */,
				E86E61031B2253C200974F38 /* TrackHeaderBox.swift */,
				E81CD6311B234559008002A9 /* TrackReferenceBox.swift */,
				E82944EF1B237C8B004B5E2B /* VideoMediaHeaderBox.swift */,
				E8FC4DF61B28F07D00C8AAA4 /* VisualSampleEntry.swift */,
			);
			path = Boxes;
			sourceTree = "<group>";
		};
		E8FC4DF31B28EF2900C8AAA4 /* AVC */ = {
			isa = PBXGroup;
			children = (
				E8FC4DFA1B28F37300C8AAA4 /* AVCConfigurationBox.swift */,
				E8FC4DFC1B28F40000C8AAA4 /* AVCDecoderConfigurationRecord.swift */,
				E8FC4DF81B28F2DF00C8AAA4 /* AVCSampleEntry.swift */,
			);
			path = AVC;
			sourceTree = "<group>";
		};
/* End PBXGroup section */

/* Begin PBXHeadersBuildPhase section */
		E86E60671B22379200974F38 /* Headers */ = {
			isa = PBXHeadersBuildPhase;
			buildActionMask = 2147483647;
			files = (
				E86E606F1B22379200974F38 /* SwiftMP4.h in Headers */,
			);
			runOnlyForDeploymentPostprocessing = 0;
		};
		E86E60AC1B223B8000974F38 /* Headers */ = {
			isa = PBXHeadersBuildPhase;
			buildActionMask = 2147483647;
			files = (
				E86E60B41B223B8000974F38 /* SwiftAVC.h in Headers */,
			);
			runOnlyForDeploymentPostprocessing = 0;
		};
/* End PBXHeadersBuildPhase section */

/* Begin PBXNativeTarget section */
		E86E60691B22379200974F38 /* SwiftMP4 */ = {
			isa = PBXNativeTarget;
			buildConfigurationList = E86E607D1B22379300974F38 /* Build configuration list for PBXNativeTarget "SwiftMP4" */;
			buildPhases = (
				E86E60651B22379200974F38 /* Sources */,
				E86E60661B22379200974F38 /* Frameworks */,
				E86E60671B22379200974F38 /* Headers */,
				E86E60681B22379200974F38 /* Resources */,
			);
			buildRules = (
			);
			dependencies = (
			);
			name = SwiftMP4;
			productName = SwiftMP4;
			productReference = E86E606A1B22379200974F38 /* SwiftMP4.framework */;
			productType = "com.apple.product-type.framework";
		};
		E86E60AE1B223B8000974F38 /* SwiftAVC */ = {
			isa = PBXNativeTarget;
			buildConfigurationList = E86E60C21B223B8000974F38 /* Build configuration list for PBXNativeTarget "SwiftAVC" */;
			buildPhases = (
				E86E60AA1B223B8000974F38 /* Sources */,
				E86E60AB1B223B8000974F38 /* Frameworks */,
				E86E60AC1B223B8000974F38 /* Headers */,
				E86E60AD1B223B8000974F38 /* Resources */,
			);
			buildRules = (
			);
			dependencies = (
			);
			name = SwiftAVC;
			productName = SwiftAVC;
			productReference = E86E60AF1B223B8000974F38 /* SwiftAVC.framework */;
			productType = "com.apple.product-type.framework";
		};
		E86E60DF1B22458C00974F38 /* SwiftDecoder */ = {
			isa = PBXNativeTarget;
			buildConfigurationList = E86E60F71B22458C00974F38 /* Build configuration list for PBXNativeTarget "SwiftDecoder" */;
			buildPhases = (
				E86E60DC1B22458C00974F38 /* Sources */,
				E86E60DD1B22458C00974F38 /* Frameworks */,
				E86E60DE1B22458C00974F38 /* Resources */,
				E86E61001B2245FC00974F38 /* CopyFiles */,
			);
			buildRules = (
			);
			dependencies = (
				E86E60FE1B2245F100974F38 /* PBXTargetDependency */,
			);
			name = SwiftDecoder;
			productName = SwiftDecoder;
			productReference = E86E60E01B22458C00974F38 /* SwiftDecoder.app */;
			productType = "com.apple.product-type.application";
		};
/* End PBXNativeTarget section */

/* Begin PBXProject section */
		E819BC3B1AFAA94C006B79E5 /* Project object */ = {
			isa = PBXProject;
			attributes = {
				LastUpgradeCheck = 0610;
				ORGANIZATIONNAME = "Tamas Lustyik";
				TargetAttributes = {
					E86E60691B22379200974F38 = {
						CreatedOnToolsVersion = 6.1.1;
					};
					E86E60AE1B223B8000974F38 = {
						CreatedOnToolsVersion = 6.1.1;
					};
					E86E60DF1B22458C00974F38 = {
						CreatedOnToolsVersion = 6.1.1;
					};
				};
			};
			buildConfigurationList = E819BC3E1AFAA94C006B79E5 /* Build configuration list for PBXProject "SwiftAVC" */;
			compatibilityVersion = "Xcode 3.2";
			developmentRegion = English;
			hasScannedForEncodings = 0;
			knownRegions = (
				en,
				Base,
			);
			mainGroup = E819BC3A1AFAA94C006B79E5;
			productRefGroup = E819BC441AFAA94D006B79E5 /* Products */;
			projectDirPath = "";
			projectRoot = "";
			targets = (
				E86E60691B22379200974F38 /* SwiftMP4 */,
				E86E60AE1B223B8000974F38 /* SwiftAVC */,
				E86E60DF1B22458C00974F38 /* SwiftDecoder */,
			);
		};
/* End PBXProject section */

/* Begin PBXResourcesBuildPhase section */
		E86E60681B22379200974F38 /* Resources */ = {
			isa = PBXResourcesBuildPhase;
			buildActionMask = 2147483647;
			files = (
			);
			runOnlyForDeploymentPostprocessing = 0;
		};
		E86E60AD1B223B8000974F38 /* Resources */ = {
			isa = PBXResourcesBuildPhase;
			buildActionMask = 2147483647;
			files = (
			);
			runOnlyForDeploymentPostprocessing = 0;
		};
		E86E60DE1B22458C00974F38 /* Resources */ = {
			isa = PBXResourcesBuildPhase;
			buildActionMask = 2147483647;
			files = (
				E86E60E71B22458C00974F38 /* Images.xcassets in Resources */,
				E86E60EA1B22458C00974F38 /* MainMenu.xib in Resources */,
			);
			runOnlyForDeploymentPostprocessing = 0;
		};
/* End PBXResourcesBuildPhase section */

/* Begin PBXSourcesBuildPhase section */
		E86E60651B22379200974F38 /* Sources */ = {
			isa = PBXSourcesBuildPhase;
			buildActionMask = 2147483647;
			files = (
				E8FC4DEA1B2393B200C8AAA4 /* EditListBox.swift in Sources */,
				E8FC4DF21B24C8A900C8AAA4 /* SynelDictionary.swift in Sources */,
				E81CD6321B234559008002A9 /* TrackReferenceBox.swift in Sources */,
				E81CD6381B234958008002A9 /* MediaBox.swift in Sources */,
				E81CD63E1B23795E008002A9 /* MovieBox.swift in Sources */,
				E86E610A1B22584E00974F38 /* Box.swift in Sources */,
				E8FC4DF71B28F07D00C8AAA4 /* VisualSampleEntry.swift in Sources */,
				E81CD6301B225BD9008002A9 /* MovieHeaderBox.swift in Sources */,
				E86E61061B2254AF00974F38 /* FileTypeBox.swift in Sources */,
				E8FC4DFD1B28F40000C8AAA4 /* AVCDecoderConfigurationRecord.swift in Sources */,
				E8FC4DE61B2383A100C8AAA4 /* MediaDataBox.swift in Sources */,
				E86E60871B2237F400974F38 /* MP4.swift in Sources */,
				E81CD6361B234811008002A9 /* TrackGroupBox.swift in Sources */,
				E8FC4DFB1B28F37300C8AAA4 /* AVCConfigurationBox.swift in Sources */,
				E86E60CA1B223C4800974F38 /* Monad.swift in Sources */,
				E81CD6421B237B9F008002A9 /* MediaInformationBox.swift in Sources */,
				E8FC4DEC1B239EB100C8AAA4 /* SampleTableBox.swift in Sources */,
				E8FC4DF51B28EFC000C8AAA4 /* SampleEntry.swift in Sources */,
				E86E608A1B2237F400974F38 /* Synel.swift in Sources */,
				E86E61081B2256AD00974F38 /* FullBox.swift in Sources */,
				E82944F01B237C8B004B5E2B /* VideoMediaHeaderBox.swift in Sources */,
				E81CD6401B2379E9008002A9 /* TrackBox.swift in Sources */,
				E8FC4DE81B23938100C8AAA4 /* EditBox.swift in Sources */,
				E8FC4DFF1B2A328B00C8AAA4 /* SampleDescriptionBox.swift in Sources */,
				E86E60891B2237F400974F38 /* MP4Parse.swift in Sources */,
				E81CD63A1B234987008002A9 /* MediaHeaderBox.swift in Sources */,
				E86E61041B2253C200974F38 /* TrackHeaderBox.swift in Sources */,
				E86E60881B2237F400974F38 /* MP4Box.swift in Sources */,
				E8FC4DE41B2380C500C8AAA4 /* NullMediaHeaderBox.swift in Sources */,
				E8FC4DEE1B23A8FE00C8AAA4 /* SampleSizeBox.swift in Sources */,
				E8FC4DF01B23AAD700C8AAA4 /* ChunkOffsetBox.swift in Sources */,
				E8FC4DE21B237FEF00C8AAA4 /* HintMediaHeaderBox.swift in Sources */,
				E8FC4DF91B28F2DF00C8AAA4 /* AVCSampleEntry.swift in Sources */,
				E81CD63C1B234AAF008002A9 /* HandlerReferenceBox.swift in Sources */,
				E82944F21B237DA4004B5E2B /* SoundMediaHeaderBox.swift in Sources */,
			);
			runOnlyForDeploymentPostprocessing = 0;
		};
		E86E60AA1B223B8000974F38 /* Sources */ = {
			isa = PBXSourcesBuildPhase;
			buildActionMask = 2147483647;
			files = (
				E86E60CB1B223C4800974F38 /* Monad.swift in Sources */,
			);
			runOnlyForDeploymentPostprocessing = 0;
		};
		E86E60DC1B22458C00974F38 /* Sources */ = {
			isa = PBXSourcesBuildPhase;
			buildActionMask = 2147483647;
			files = (
				E86E60E51B22458C00974F38 /* AppDelegate.swift in Sources */,
			);
			runOnlyForDeploymentPostprocessing = 0;
		};
/* End PBXSourcesBuildPhase section */

/* Begin PBXTargetDependency section */
		E86E60FE1B2245F100974F38 /* PBXTargetDependency */ = {
			isa = PBXTargetDependency;
			target = E86E60691B22379200974F38 /* SwiftMP4 */;
			targetProxy = E86E60FD1B2245F100974F38 /* PBXContainerItemProxy */;
		};
/* End PBXTargetDependency section */

/* Begin PBXVariantGroup section */
		E86E60E81B22458C00974F38 /* MainMenu.xib */ = {
			isa = PBXVariantGroup;
			children = (
				E86E60E91B22458C00974F38 /* Base */,
			);
			name = MainMenu.xib;
			sourceTree = "<group>";
		};
/* End PBXVariantGroup section */

/* Begin XCBuildConfiguration section */
		E819BC481AFAA94D006B79E5 /* Debug */ = {
			isa = XCBuildConfiguration;
			buildSettings = {
				ALWAYS_SEARCH_USER_PATHS = NO;
				CLANG_CXX_LANGUAGE_STANDARD = "gnu++0x";
				CLANG_CXX_LIBRARY = "libc++";
				CLANG_ENABLE_MODULES = YES;
				CLANG_ENABLE_OBJC_ARC = YES;
				CLANG_WARN_BOOL_CONVERSION = YES;
				CLANG_WARN_CONSTANT_CONVERSION = YES;
				CLANG_WARN_DIRECT_OBJC_ISA_USAGE = YES_ERROR;
				CLANG_WARN_EMPTY_BODY = YES;
				CLANG_WARN_ENUM_CONVERSION = YES;
				CLANG_WARN_INT_CONVERSION = YES;
				CLANG_WARN_OBJC_ROOT_CLASS = YES_ERROR;
				CLANG_WARN_UNREACHABLE_CODE = YES;
				CLANG_WARN__DUPLICATE_METHOD_MATCH = YES;
				COPY_PHASE_STRIP = NO;
				ENABLE_STRICT_OBJC_MSGSEND = YES;
				GCC_C_LANGUAGE_STANDARD = gnu99;
				GCC_DYNAMIC_NO_PIC = NO;
				GCC_OPTIMIZATION_LEVEL = 0;
				GCC_PREPROCESSOR_DEFINITIONS = (
					"DEBUG=1",
					"$(inherited)",
				);
				GCC_SYMBOLS_PRIVATE_EXTERN = NO;
				GCC_WARN_64_TO_32_BIT_CONVERSION = YES;
				GCC_WARN_ABOUT_RETURN_TYPE = YES_ERROR;
				GCC_WARN_UNDECLARED_SELECTOR = YES;
				GCC_WARN_UNINITIALIZED_AUTOS = YES_AGGRESSIVE;
				GCC_WARN_UNUSED_FUNCTION = YES;
				GCC_WARN_UNUSED_VARIABLE = YES;
				MACOSX_DEPLOYMENT_TARGET = 10.9;
				MTL_ENABLE_DEBUG_INFO = YES;
				ONLY_ACTIVE_ARCH = YES;
				SDKROOT = macosx;
				SWIFT_OPTIMIZATION_LEVEL = "-Onone";
			};
			name = Debug;
		};
		E819BC491AFAA94D006B79E5 /* Release */ = {
			isa = XCBuildConfiguration;
			buildSettings = {
				ALWAYS_SEARCH_USER_PATHS = NO;
				CLANG_CXX_LANGUAGE_STANDARD = "gnu++0x";
				CLANG_CXX_LIBRARY = "libc++";
				CLANG_ENABLE_MODULES = YES;
				CLANG_ENABLE_OBJC_ARC = YES;
				CLANG_WARN_BOOL_CONVERSION = YES;
				CLANG_WARN_CONSTANT_CONVERSION = YES;
				CLANG_WARN_DIRECT_OBJC_ISA_USAGE = YES_ERROR;
				CLANG_WARN_EMPTY_BODY = YES;
				CLANG_WARN_ENUM_CONVERSION = YES;
				CLANG_WARN_INT_CONVERSION = YES;
				CLANG_WARN_OBJC_ROOT_CLASS = YES_ERROR;
				CLANG_WARN_UNREACHABLE_CODE = YES;
				CLANG_WARN__DUPLICATE_METHOD_MATCH = YES;
				COPY_PHASE_STRIP = YES;
				DEBUG_INFORMATION_FORMAT = "dwarf-with-dsym";
				ENABLE_NS_ASSERTIONS = NO;
				ENABLE_STRICT_OBJC_MSGSEND = YES;
				GCC_C_LANGUAGE_STANDARD = gnu99;
				GCC_WARN_64_TO_32_BIT_CONVERSION = YES;
				GCC_WARN_ABOUT_RETURN_TYPE = YES_ERROR;
				GCC_WARN_UNDECLARED_SELECTOR = YES;
				GCC_WARN_UNINITIALIZED_AUTOS = YES_AGGRESSIVE;
				GCC_WARN_UNUSED_FUNCTION = YES;
				GCC_WARN_UNUSED_VARIABLE = YES;
				MACOSX_DEPLOYMENT_TARGET = 10.9;
				MTL_ENABLE_DEBUG_INFO = NO;
				SDKROOT = macosx;
			};
			name = Release;
		};
		E86E607E1B22379300974F38 /* Debug */ = {
			isa = XCBuildConfiguration;
			buildSettings = {
				COMBINE_HIDPI_IMAGES = YES;
				CURRENT_PROJECT_VERSION = 1;
				DEFINES_MODULE = YES;
				DYLIB_COMPATIBILITY_VERSION = 1;
				DYLIB_CURRENT_VERSION = 1;
				DYLIB_INSTALL_NAME_BASE = "@rpath";
				FRAMEWORK_VERSION = A;
				GCC_PREPROCESSOR_DEFINITIONS = (
					"DEBUG=1",
					"$(inherited)",
				);
				INFOPLIST_FILE = SwiftMP4/Info.plist;
				INSTALL_PATH = "$(LOCAL_LIBRARY_DIR)/Frameworks";
				LD_RUNPATH_SEARCH_PATHS = "$(inherited) @executable_path/../Frameworks @loader_path/Frameworks";
				PRODUCT_NAME = "$(TARGET_NAME)";
				SKIP_INSTALL = YES;
				VERSIONING_SYSTEM = "apple-generic";
				VERSION_INFO_PREFIX = "";
			};
			name = Debug;
		};
		E86E607F1B22379300974F38 /* Release */ = {
			isa = XCBuildConfiguration;
			buildSettings = {
				COMBINE_HIDPI_IMAGES = YES;
				CURRENT_PROJECT_VERSION = 1;
				DEFINES_MODULE = YES;
				DYLIB_COMPATIBILITY_VERSION = 1;
				DYLIB_CURRENT_VERSION = 1;
				DYLIB_INSTALL_NAME_BASE = "@rpath";
				FRAMEWORK_VERSION = A;
				INFOPLIST_FILE = SwiftMP4/Info.plist;
				INSTALL_PATH = "$(LOCAL_LIBRARY_DIR)/Frameworks";
				LD_RUNPATH_SEARCH_PATHS = "$(inherited) @executable_path/../Frameworks @loader_path/Frameworks";
				PRODUCT_NAME = "$(TARGET_NAME)";
				SKIP_INSTALL = YES;
				VERSIONING_SYSTEM = "apple-generic";
				VERSION_INFO_PREFIX = "";
			};
			name = Release;
		};
		E86E60C31B223B8000974F38 /* Debug */ = {
			isa = XCBuildConfiguration;
			buildSettings = {
				COMBINE_HIDPI_IMAGES = YES;
				CURRENT_PROJECT_VERSION = 1;
				DEFINES_MODULE = YES;
				DYLIB_COMPATIBILITY_VERSION = 1;
				DYLIB_CURRENT_VERSION = 1;
				DYLIB_INSTALL_NAME_BASE = "@rpath";
				FRAMEWORK_VERSION = A;
				GCC_PREPROCESSOR_DEFINITIONS = (
					"DEBUG=1",
					"$(inherited)",
				);
				INFOPLIST_FILE = SwiftAVC/Info.plist;
				INSTALL_PATH = "$(LOCAL_LIBRARY_DIR)/Frameworks";
				LD_RUNPATH_SEARCH_PATHS = "$(inherited) @executable_path/../Frameworks @loader_path/Frameworks";
				PRODUCT_NAME = "$(TARGET_NAME)";
				SKIP_INSTALL = YES;
				VERSIONING_SYSTEM = "apple-generic";
				VERSION_INFO_PREFIX = "";
			};
			name = Debug;
		};
		E86E60C41B223B8000974F38 /* Release */ = {
			isa = XCBuildConfiguration;
			buildSettings = {
				COMBINE_HIDPI_IMAGES = YES;
				CURRENT_PROJECT_VERSION = 1;
				DEFINES_MODULE = YES;
				DYLIB_COMPATIBILITY_VERSION = 1;
				DYLIB_CURRENT_VERSION = 1;
				DYLIB_INSTALL_NAME_BASE = "@rpath";
				FRAMEWORK_VERSION = A;
				INFOPLIST_FILE = SwiftAVC/Info.plist;
				INSTALL_PATH = "$(LOCAL_LIBRARY_DIR)/Frameworks";
				LD_RUNPATH_SEARCH_PATHS = "$(inherited) @executable_path/../Frameworks @loader_path/Frameworks";
				PRODUCT_NAME = "$(TARGET_NAME)";
				SKIP_INSTALL = YES;
				VERSIONING_SYSTEM = "apple-generic";
				VERSION_INFO_PREFIX = "";
			};
			name = Release;
		};
		E86E60F81B22458C00974F38 /* Debug */ = {
			isa = XCBuildConfiguration;
			buildSettings = {
				ASSETCATALOG_COMPILER_APPICON_NAME = AppIcon;
				CODE_SIGN_IDENTITY = "-";
				COMBINE_HIDPI_IMAGES = YES;
				GCC_PREPROCESSOR_DEFINITIONS = (
					"DEBUG=1",
					"$(inherited)",
				);
				INFOPLIST_FILE = SwiftDecoder/Info.plist;
				LD_RUNPATH_SEARCH_PATHS = "$(inherited) @executable_path/../Frameworks";
				PRODUCT_NAME = "$(TARGET_NAME)";
			};
			name = Debug;
		};
		E86E60F91B22458C00974F38 /* Release */ = {
			isa = XCBuildConfiguration;
			buildSettings = {
				ASSETCATALOG_COMPILER_APPICON_NAME = AppIcon;
				CODE_SIGN_IDENTITY = "-";
				COMBINE_HIDPI_IMAGES = YES;
				INFOPLIST_FILE = SwiftDecoder/Info.plist;
				LD_RUNPATH_SEARCH_PATHS = "$(inherited) @executable_path/../Frameworks";
				PRODUCT_NAME = "$(TARGET_NAME)";
			};
			name = Release;
		};
/* End XCBuildConfiguration section */

/* Begin XCConfigurationList section */
		E819BC3E1AFAA94C006B79E5 /* Build configuration list for PBXProject "SwiftAVC" */ = {
			isa = XCConfigurationList;
			buildConfigurations = (
				E819BC481AFAA94D006B79E5 /* Debug */,
				E819BC491AFAA94D006B79E5 /* Release */,
			);
			defaultConfigurationIsVisible = 0;
			defaultConfigurationName = Release;
		};
		E86E607D1B22379300974F38 /* Build configuration list for PBXNativeTarget "SwiftMP4" */ = {
			isa = XCConfigurationList;
			buildConfigurations = (
				E86E607E1B22379300974F38 /* Debug */,
				E86E607F1B22379300974F38 /* Release */,
			);
			defaultConfigurationIsVisible = 0;
		};
		E86E60C21B223B8000974F38 /* Build configuration list for PBXNativeTarget "SwiftAVC" */ = {
			isa = XCConfigurationList;
			buildConfigurations = (
				E86E60C31B223B8000974F38 /* Debug */,
				E86E60C41B223B8000974F38 /* Release */,
			);
			defaultConfigurationIsVisible = 0;
		};
		E86E60F71B22458C00974F38 /* Build configuration list for PBXNativeTarget "SwiftDecoder" */ = {
			isa = XCConfigurationList;
			buildConfigurations = (
				E86E60F81B22458C00974F38 /* Debug */,
				E86E60F91B22458C00974F38 /* Release */,
			);
			defaultConfigurationIsVisible = 0;
		};
/* End XCConfigurationList section */
	};
	rootObject = E819BC3B1AFAA94C006B79E5 /* Project object */;
}
