// !$*UTF8*$!
{
	archiveVersion = 1;
	classes = {
	};
	objectVersion = 46;
	objects = {

/* Begin PBXBuildFile section */
		E819BC471AFAA94D006B79E5 /* main.swift in Sources */ = {isa = PBXBuildFile; fileRef = E819BC461AFAA94D006B79E5 /* main.swift */; };
		E819BC4E1AFAA9FA006B79E5 /* Bitstream.swift in Sources */ = {isa = PBXBuildFile; fileRef = E819BC4D1AFAA9FA006B79E5 /* Bitstream.swift */; };
		E821EC851B02A7C30080C683 /* SynelDictionary.swift in Sources */ = {isa = PBXBuildFile; fileRef = E821EC841B02A7C30080C683 /* SynelDictionary.swift */; };
		E8B9F03A1AFD3FCA009159B4 /* SyntaxElement.swift in Sources */ = {isa = PBXBuildFile; fileRef = E8B9F0391AFD3FCA009159B4 /* SyntaxElement.swift */; };
		E8B9F03C1AFD585B009159B4 /* Monad.swift in Sources */ = {isa = PBXBuildFile; fileRef = E8B9F03B1AFD585B009159B4 /* Monad.swift */; };
		E8B9F03E1B0158A9009159B4 /* BitParse.swift in Sources */ = {isa = PBXBuildFile; fileRef = E8B9F03D1B0158A9009159B4 /* BitParse.swift */; };
		E8B9F0401B0158C8009159B4 /* Utils.swift in Sources */ = {isa = PBXBuildFile; fileRef = E8B9F03F1B0158C8009159B4 /* Utils.swift */; };
/* End PBXBuildFile section */

/* Begin PBXCopyFilesBuildPhase section */
		E819BC411AFAA94C006B79E5 /* CopyFiles */ = {
			isa = PBXCopyFilesBuildPhase;
			buildActionMask = 2147483647;
			dstPath = /usr/share/man/man1/;
			dstSubfolderSpec = 0;
			files = (
			);
			runOnlyForDeploymentPostprocessing = 1;
		};
/* End PBXCopyFilesBuildPhase section */

/* Begin PBXFileReference section */
		E819BC431AFAA94D006B79E5 /* SwiftAVC */ = {isa = PBXFileReference; explicitFileType = "compiled.mach-o.executable"; includeInIndex = 0; path = SwiftAVC; sourceTree = BUILT_PRODUCTS_DIR; };
		E819BC461AFAA94D006B79E5 /* main.swift */ = {isa = PBXFileReference; lastKnownFileType = sourcecode.swift; path = main.swift; sourceTree = "<group>"; };
		E819BC4D1AFAA9FA006B79E5 /* Bitstream.swift */ = {isa = PBXFileReference; fileEncoding = 4; lastKnownFileType = sourcecode.swift; path = Bitstream.swift; sourceTree = "<group>"; };
		E821EC841B02A7C30080C683 /* SynelDictionary.swift */ = {isa = PBXFileReference; fileEncoding = 4; lastKnownFileType = sourcecode.swift; path = SynelDictionary.swift; sourceTree = "<group>"; };
		E8B9F0391AFD3FCA009159B4 /* SyntaxElement.swift */ = {isa = PBXFileReference; fileEncoding = 4; lastKnownFileType = sourcecode.swift; path = SyntaxElement.swift; sourceTree = "<group>"; };
		E8B9F03B1AFD585B009159B4 /* Monad.swift */ = {isa = PBXFileReference; fileEncoding = 4; lastKnownFileType = sourcecode.swift; path = Monad.swift; sourceTree = "<group>"; };
		E8B9F03D1B0158A9009159B4 /* BitParse.swift */ = {isa = PBXFileReference; fileEncoding = 4; lastKnownFileType = sourcecode.swift; path = BitParse.swift; sourceTree = "<group>"; };
		E8B9F03F1B0158C8009159B4 /* Utils.swift */ = {isa = PBXFileReference; fileEncoding = 4; lastKnownFileType = sourcecode.swift; path = Utils.swift; sourceTree = "<group>"; };
/* End PBXFileReference section */

/* Begin PBXFrameworksBuildPhase section */
		E819BC401AFAA94C006B79E5 /* Frameworks */ = {
			isa = PBXFrameworksBuildPhase;
			buildActionMask = 2147483647;
			files = (
			);
			runOnlyForDeploymentPostprocessing = 0;
		};
/* End PBXFrameworksBuildPhase section */

/* Begin PBXGroup section */
		E819BC3A1AFAA94C006B79E5 = {
			isa = PBXGroup;
			children = (
				E819BC451AFAA94D006B79E5 /* SwiftAVC */,
				E819BC441AFAA94D006B79E5 /* Products */,
			);
			sourceTree = "<group>";
		};
		E819BC441AFAA94D006B79E5 /* Products */ = {
			isa = PBXGroup;
			children = (
				E819BC431AFAA94D006B79E5 /* SwiftAVC */,
			);
			name = Products;
			sourceTree = "<group>";
		};
		E819BC451AFAA94D006B79E5 /* SwiftAVC */ = {
			isa = PBXGroup;
			children = (
				E819BC4D1AFAA9FA006B79E5 /* Bitstream.swift */,
				E8B9F03D1B0158A9009159B4 /* BitParse.swift */,
				E819BC461AFAA94D006B79E5 /* main.swift */,
				E8B9F03B1AFD585B009159B4 /* Monad.swift */,
				E821EC841B02A7C30080C683 /* SynelDictionary.swift */,
				E8B9F0391AFD3FCA009159B4 /* SyntaxElement.swift */,
				E8B9F03F1B0158C8009159B4 /* Utils.swift */,
			);
			path = SwiftAVC;
			sourceTree = "<group>";
		};
/* End PBXGroup section */

/* Begin PBXNativeTarget section */
		E819BC421AFAA94C006B79E5 /* SwiftAVC */ = {
			isa = PBXNativeTarget;
			buildConfigurationList = E819BC4A1AFAA94D006B79E5 /* Build configuration list for PBXNativeTarget "SwiftAVC" */;
			buildPhases = (
				E819BC3F1AFAA94C006B79E5 /* Sources */,
				E819BC401AFAA94C006B79E5 /* Frameworks */,
				E819BC411AFAA94C006B79E5 /* CopyFiles */,
			);
			buildRules = (
			);
			dependencies = (
			);
			name = SwiftAVC;
			productName = SwiftAVC;
			productReference = E819BC431AFAA94D006B79E5 /* SwiftAVC */;
			productType = "com.apple.product-type.tool";
		};
/* End PBXNativeTarget section */

/* Begin PBXProject section */
		E819BC3B1AFAA94C006B79E5 /* Project object */ = {
			isa = PBXProject;
			attributes = {
				LastUpgradeCheck = 0610;
				ORGANIZATIONNAME = "Tamas Lustyik";
				TargetAttributes = {
					E819BC421AFAA94C006B79E5 = {
						CreatedOnToolsVersion = 6.1.1;
					};
				};
			};
			buildConfigurationList = E819BC3E1AFAA94C006B79E5 /* Build configuration list for PBXProject "SwiftAVC" */;
			compatibilityVersion = "Xcode 3.2";
			developmentRegion = English;
			hasScannedForEncodings = 0;
			knownRegions = (
				en,
			);
			mainGroup = E819BC3A1AFAA94C006B79E5;
			productRefGroup = E819BC441AFAA94D006B79E5 /* Products */;
			projectDirPath = "";
			projectRoot = "";
			targets = (
				E819BC421AFAA94C006B79E5 /* SwiftAVC */,
			);
		};
/* End PBXProject section */

/* Begin PBXSourcesBuildPhase section */
		E819BC3F1AFAA94C006B79E5 /* Sources */ = {
			isa = PBXSourcesBuildPhase;
			buildActionMask = 2147483647;
			files = (
				E819BC471AFAA94D006B79E5 /* main.swift in Sources */,
				E8B9F03E1B0158A9009159B4 /* BitParse.swift in Sources */,
				E8B9F03C1AFD585B009159B4 /* Monad.swift in Sources */,
				E819BC4E1AFAA9FA006B79E5 /* Bitstream.swift in Sources */,
				E8B9F03A1AFD3FCA009159B4 /* SyntaxElement.swift in Sources */,
				E8B9F0401B0158C8009159B4 /* Utils.swift in Sources */,
				E821EC851B02A7C30080C683 /* SynelDictionary.swift in Sources */,
			);
			runOnlyForDeploymentPostprocessing = 0;
		};
/* End PBXSourcesBuildPhase section */

/* Begin XCBuildConfiguration section */
		E819BC481AFAA94D006B79E5 /* Debug */ = {
			isa = XCBuildConfiguration;
			buildSettings = {
				ALWAYS_SEARCH_USER_PATHS = NO;
				CLANG_CXX_LANGUAGE_STANDARD = "gnu++0x";
				CLANG_CXX_LIBRARY = "libc++";
				CLANG_ENABLE_MODULES = YES;
				CLANG_ENABLE_OBJC_ARC = YES;
				CLANG_WARN_BOOL_CONVERSION = YES;
				CLANG_WARN_CONSTANT_CONVERSION = YES;
				CLANG_WARN_DIRECT_OBJC_ISA_USAGE = YES_ERROR;
				CLANG_WARN_EMPTY_BODY = YES;
				CLANG_WARN_ENUM_CONVERSION = YES;
				CLANG_WARN_INT_CONVERSION = YES;
				CLANG_WARN_OBJC_ROOT_CLASS = YES_ERROR;
				CLANG_WARN_UNREACHABLE_CODE = YES;
				CLANG_WARN__DUPLICATE_METHOD_MATCH = YES;
				COPY_PHASE_STRIP = NO;
				ENABLE_STRICT_OBJC_MSGSEND = YES;
				GCC_C_LANGUAGE_STANDARD = gnu99;
				GCC_DYNAMIC_NO_PIC = NO;
				GCC_OPTIMIZATION_LEVEL = 0;
				GCC_PREPROCESSOR_DEFINITIONS = (
					"DEBUG=1",
					"$(inherited)",
				);
				GCC_SYMBOLS_PRIVATE_EXTERN = NO;
				GCC_WARN_64_TO_32_BIT_CONVERSION = YES;
				GCC_WARN_ABOUT_RETURN_TYPE = YES_ERROR;
				GCC_WARN_UNDECLARED_SELECTOR = YES;
				GCC_WARN_UNINITIALIZED_AUTOS = YES_AGGRESSIVE;
				GCC_WARN_UNUSED_FUNCTION = YES;
				GCC_WARN_UNUSED_VARIABLE = YES;
				MACOSX_DEPLOYMENT_TARGET = 10.9;
				MTL_ENABLE_DEBUG_INFO = YES;
				ONLY_ACTIVE_ARCH = YES;
				SDKROOT = macosx;
				SWIFT_OPTIMIZATION_LEVEL = "-Onone";
			};
			name = Debug;
		};
		E819BC491AFAA94D006B79E5 /* Release */ = {
			isa = XCBuildConfiguration;
			buildSettings = {
				ALWAYS_SEARCH_USER_PATHS = NO;
				CLANG_CXX_LANGUAGE_STANDARD = "gnu++0x";
				CLANG_CXX_LIBRARY = "libc++";
				CLANG_ENABLE_MODULES = YES;
				CLANG_ENABLE_OBJC_ARC = YES;
				CLANG_WARN_BOOL_CONVERSION = YES;
				CLANG_WARN_CONSTANT_CONVERSION = YES;
				CLANG_WARN_DIRECT_OBJC_ISA_USAGE = YES_ERROR;
				CLANG_WARN_EMPTY_BODY = YES;
				CLANG_WARN_ENUM_CONVERSION = YES;
				CLANG_WARN_INT_CONVERSION = YES;
				CLANG_WARN_OBJC_ROOT_CLASS = YES_ERROR;
				CLANG_WARN_UNREACHABLE_CODE = YES;
				CLANG_WARN__DUPLICATE_METHOD_MATCH = YES;
				COPY_PHASE_STRIP = YES;
				DEBUG_INFORMATION_FORMAT = "dwarf-with-dsym";
				ENABLE_NS_ASSERTIONS = NO;
				ENABLE_STRICT_OBJC_MSGSEND = YES;
				GCC_C_LANGUAGE_STANDARD = gnu99;
				GCC_WARN_64_TO_32_BIT_CONVERSION = YES;
				GCC_WARN_ABOUT_RETURN_TYPE = YES_ERROR;
				GCC_WARN_UNDECLARED_SELECTOR = YES;
				GCC_WARN_UNINITIALIZED_AUTOS = YES_AGGRESSIVE;
				GCC_WARN_UNUSED_FUNCTION = YES;
				GCC_WARN_UNUSED_VARIABLE = YES;
				MACOSX_DEPLOYMENT_TARGET = 10.9;
				MTL_ENABLE_DEBUG_INFO = NO;
				SDKROOT = macosx;
			};
			name = Release;
		};
		E819BC4B1AFAA94D006B79E5 /* Debug */ = {
			isa = XCBuildConfiguration;
			buildSettings = {
				PRODUCT_NAME = "$(TARGET_NAME)";
			};
			name = Debug;
		};
		E819BC4C1AFAA94D006B79E5 /* Release */ = {
			isa = XCBuildConfiguration;
			buildSettings = {
				PRODUCT_NAME = "$(TARGET_NAME)";
			};
			name = Release;
		};
/* End XCBuildConfiguration section */

/* Begin XCConfigurationList section */
		E819BC3E1AFAA94C006B79E5 /* Build configuration list for PBXProject "SwiftAVC" */ = {
			isa = XCConfigurationList;
			buildConfigurations = (
				E819BC481AFAA94D006B79E5 /* Debug */,
				E819BC491AFAA94D006B79E5 /* Release */,
			);
			defaultConfigurationIsVisible = 0;
			defaultConfigurationName = Release;
		};
		E819BC4A1AFAA94D006B79E5 /* Build configuration list for PBXNativeTarget "SwiftAVC" */ = {
			isa = XCConfigurationList;
			buildConfigurations = (
				E819BC4B1AFAA94D006B79E5 /* Debug */,
				E819BC4C1AFAA94D006B79E5 /* Release */,
			);
			defaultConfigurationIsVisible = 0;
			defaultConfigurationName = Release;
		};
/* End XCConfigurationList section */
	};
	rootObject = E819BC3B1AFAA94C006B79E5 /* Project object */;
}
